// !$*UTF8*$!
{
	archiveVersion = 1;
	classes = {
	};
	objectVersion = 56;
	objects = {

/* Begin PBXBuildFile section */
		4A4EC2932ABFC0B400C8757E /* TimeCircleView.swift in Sources */ = {isa = PBXBuildFile; fileRef = 4A4EC2922ABFC0B400C8757E /* TimeCircleView.swift */; };
		4A4EC2952ABFD42600C8757E /* FamilyActivitySelectionExtension.swift in Sources */ = {isa = PBXBuildFile; fileRef = 4A4EC2942ABFD42600C8757E /* FamilyActivitySelectionExtension.swift */; };
		4A4EC2982ABFD7D500C8757E /* AppBlockViewModel.swift in Sources */ = {isa = PBXBuildFile; fileRef = 4A4EC2972ABFD7D500C8757E /* AppBlockViewModel.swift */; };
		4A4EC29A2ABFD9E500C8757E /* AppBlockModel.swift in Sources */ = {isa = PBXBuildFile; fileRef = 4A4EC2992ABFD9E500C8757E /* AppBlockModel.swift */; };
		4A4EC29C2ABFDF7500C8757E /* SelectLevelView.swift in Sources */ = {isa = PBXBuildFile; fileRef = 4A4EC29B2ABFDF7500C8757E /* SelectLevelView.swift */; };
		4A4EC29E2AC0037600C8757E /* SelectLevelRow.swift in Sources */ = {isa = PBXBuildFile; fileRef = 4A4EC29D2AC0037600C8757E /* SelectLevelRow.swift */; };
		4AD6B8112ABE5AB200E34AD9 /* AppBlockTimerApp.swift in Sources */ = {isa = PBXBuildFile; fileRef = 4AD6B8102ABE5AB200E34AD9 /* AppBlockTimerApp.swift */; };
		4AD6B8132ABE5AB200E34AD9 /* TimerView.swift in Sources */ = {isa = PBXBuildFile; fileRef = 4AD6B8122ABE5AB200E34AD9 /* TimerView.swift */; };
		4AD6B8152ABE5AB300E34AD9 /* Assets.xcassets in Resources */ = {isa = PBXBuildFile; fileRef = 4AD6B8142ABE5AB300E34AD9 /* Assets.xcassets */; };
		4AD6B8192ABE5AB300E34AD9 /* Preview Assets.xcassets in Resources */ = {isa = PBXBuildFile; fileRef = 4AD6B8182ABE5AB300E34AD9 /* Preview Assets.xcassets */; };
		4AED59232ABEADD200E48A1D /* TimerModel.swift in Sources */ = {isa = PBXBuildFile; fileRef = 4AED59222ABEADD200E48A1D /* TimerModel.swift */; };
		4AED59252ABEAE3100E48A1D /* TimerViewModel.swift in Sources */ = {isa = PBXBuildFile; fileRef = 4AED59242ABEAE3100E48A1D /* TimerViewModel.swift */; };
		4AED59272ABEAFC000E48A1D /* ChangeType.swift in Sources */ = {isa = PBXBuildFile; fileRef = 4AED59262ABEAFC000E48A1D /* ChangeType.swift */; };
		4AED59292ABEBD0700E48A1D /* CustomSlider.swift in Sources */ = {isa = PBXBuildFile; fileRef = 4AED59282ABEBD0700E48A1D /* CustomSlider.swift */; };
		4AED592B2ABEBD3000E48A1D /* TimeSliderView.swift in Sources */ = {isa = PBXBuildFile; fileRef = 4AED592A2ABEBD3000E48A1D /* TimeSliderView.swift */; };
		4AED592D2ABEC8DC00E48A1D /* TimerLabelView.swift in Sources */ = {isa = PBXBuildFile; fileRef = 4AED592C2ABEC8DC00E48A1D /* TimerLabelView.swift */; };
		4AED592F2ABECB5F00E48A1D /* BottomButtonView.swift in Sources */ = {isa = PBXBuildFile; fileRef = 4AED592E2ABECB5F00E48A1D /* BottomButtonView.swift */; };
/* End PBXBuildFile section */

/* Begin PBXFileReference section */
		4A4EC2922ABFC0B400C8757E /* TimeCircleView.swift */ = {isa = PBXFileReference; lastKnownFileType = sourcecode.swift; path = TimeCircleView.swift; sourceTree = "<group>"; };
		4A4EC2942ABFD42600C8757E /* FamilyActivitySelectionExtension.swift */ = {isa = PBXFileReference; lastKnownFileType = sourcecode.swift; path = FamilyActivitySelectionExtension.swift; sourceTree = "<group>"; };
		4A4EC2972ABFD7D500C8757E /* AppBlockViewModel.swift */ = {isa = PBXFileReference; lastKnownFileType = sourcecode.swift; path = AppBlockViewModel.swift; sourceTree = "<group>"; };
		4A4EC2992ABFD9E500C8757E /* AppBlockModel.swift */ = {isa = PBXFileReference; lastKnownFileType = sourcecode.swift; path = AppBlockModel.swift; sourceTree = "<group>"; };
		4A4EC29B2ABFDF7500C8757E /* SelectLevelView.swift */ = {isa = PBXFileReference; lastKnownFileType = sourcecode.swift; path = SelectLevelView.swift; sourceTree = "<group>"; };
		4A4EC29D2AC0037600C8757E /* SelectLevelRow.swift */ = {isa = PBXFileReference; lastKnownFileType = sourcecode.swift; path = SelectLevelRow.swift; sourceTree = "<group>"; };
		4AD6B80D2ABE5AB200E34AD9 /* AppBlockTimer.app */ = {isa = PBXFileReference; explicitFileType = wrapper.application; includeInIndex = 0; path = AppBlockTimer.app; sourceTree = BUILT_PRODUCTS_DIR; };
		4AD6B8102ABE5AB200E34AD9 /* AppBlockTimerApp.swift */ = {isa = PBXFileReference; lastKnownFileType = sourcecode.swift; path = AppBlockTimerApp.swift; sourceTree = "<group>"; };
		4AD6B8122ABE5AB200E34AD9 /* TimerView.swift */ = {isa = PBXFileReference; lastKnownFileType = sourcecode.swift; path = TimerView.swift; sourceTree = "<group>"; };
		4AD6B8142ABE5AB300E34AD9 /* Assets.xcassets */ = {isa = PBXFileReference; lastKnownFileType = folder.assetcatalog; path = Assets.xcassets; sourceTree = "<group>"; };
		4AD6B8162ABE5AB300E34AD9 /* AppBlockTimer.entitlements */ = {isa = PBXFileReference; lastKnownFileType = text.plist.entitlements; path = AppBlockTimer.entitlements; sourceTree = "<group>"; };
		4AD6B8182ABE5AB300E34AD9 /* Preview Assets.xcassets */ = {isa = PBXFileReference; lastKnownFileType = folder.assetcatalog; path = "Preview Assets.xcassets"; sourceTree = "<group>"; };
		4AED59222ABEADD200E48A1D /* TimerModel.swift */ = {isa = PBXFileReference; lastKnownFileType = sourcecode.swift; path = TimerModel.swift; sourceTree = "<group>"; };
		4AED59242ABEAE3100E48A1D /* TimerViewModel.swift */ = {isa = PBXFileReference; lastKnownFileType = sourcecode.swift; path = TimerViewModel.swift; sourceTree = "<group>"; };
		4AED59262ABEAFC000E48A1D /* ChangeType.swift */ = {isa = PBXFileReference; lastKnownFileType = sourcecode.swift; path = ChangeType.swift; sourceTree = "<group>"; };
		4AED59282ABEBD0700E48A1D /* CustomSlider.swift */ = {isa = PBXFileReference; lastKnownFileType = sourcecode.swift; path = CustomSlider.swift; sourceTree = "<group>"; };
		4AED592A2ABEBD3000E48A1D /* TimeSliderView.swift */ = {isa = PBXFileReference; lastKnownFileType = sourcecode.swift; path = TimeSliderView.swift; sourceTree = "<group>"; };
		4AED592C2ABEC8DC00E48A1D /* TimerLabelView.swift */ = {isa = PBXFileReference; lastKnownFileType = sourcecode.swift; path = TimerLabelView.swift; sourceTree = "<group>"; };
		4AED592E2ABECB5F00E48A1D /* BottomButtonView.swift */ = {isa = PBXFileReference; lastKnownFileType = sourcecode.swift; path = BottomButtonView.swift; sourceTree = "<group>"; };
/* End PBXFileReference section */

/* Begin PBXFrameworksBuildPhase section */
		4AD6B80A2ABE5AB200E34AD9 /* Frameworks */ = {
			isa = PBXFrameworksBuildPhase;
			buildActionMask = 2147483647;
			files = (
			);
			runOnlyForDeploymentPostprocessing = 0;
		};
/* End PBXFrameworksBuildPhase section */

/* Begin PBXGroup section */
		4A4EC2962ABFD45D00C8757E /* Extensions */ = {
			isa = PBXGroup;
			children = (
				4A4EC2942ABFD42600C8757E /* FamilyActivitySelectionExtension.swift */,
			);
			path = Extensions;
			sourceTree = "<group>";
		};
		4AD6B8042ABE5AB200E34AD9 = {
			isa = PBXGroup;
			children = (
				4AD6B80F2ABE5AB200E34AD9 /* AppBlockTimer */,
				4AD6B80E2ABE5AB200E34AD9 /* Products */,
			);
			sourceTree = "<group>";
		};
		4AD6B80E2ABE5AB200E34AD9 /* Products */ = {
			isa = PBXGroup;
			children = (
				4AD6B80D2ABE5AB200E34AD9 /* AppBlockTimer.app */,
			);
			name = Products;
			sourceTree = "<group>";
		};
		4AD6B80F2ABE5AB200E34AD9 /* AppBlockTimer */ = {
			isa = PBXGroup;
			children = (
				4AD6B8102ABE5AB200E34AD9 /* AppBlockTimerApp.swift */,
				4AED59302ABED26600E48A1D /* Views */,
				4AED59322ABED34F00E48A1D /* Models */,
				4AED59332ABED35600E48A1D /* ViewModels */,
				4AED59312ABED33100E48A1D /* Utilitys */,
				4A4EC2962ABFD45D00C8757E /* Extensions */,
				4AD6B8142ABE5AB300E34AD9 /* Assets.xcassets */,
				4AD6B8162ABE5AB300E34AD9 /* AppBlockTimer.entitlements */,
				4AD6B8172ABE5AB300E34AD9 /* Preview Content */,
			);
			path = AppBlockTimer;
			sourceTree = "<group>";
		};
		4AD6B8172ABE5AB300E34AD9 /* Preview Content */ = {
			isa = PBXGroup;
			children = (
				4AD6B8182ABE5AB300E34AD9 /* Preview Assets.xcassets */,
			);
			path = "Preview Content";
			sourceTree = "<group>";
		};
		4AED59302ABED26600E48A1D /* Views */ = {
			isa = PBXGroup;
			children = (
				4AD6B8122ABE5AB200E34AD9 /* TimerView.swift */,
				4AED592C2ABEC8DC00E48A1D /* TimerLabelView.swift */,
				4A4EC2922ABFC0B400C8757E /* TimeCircleView.swift */,
				4AED592A2ABEBD3000E48A1D /* TimeSliderView.swift */,
				4AED59282ABEBD0700E48A1D /* CustomSlider.swift */,
				4AED592E2ABECB5F00E48A1D /* BottomButtonView.swift */,
				4A4EC29B2ABFDF7500C8757E /* SelectLevelView.swift */,
				4A4EC29D2AC0037600C8757E /* SelectLevelRow.swift */,
			);
			path = Views;
			sourceTree = "<group>";
		};
		4AED59312ABED33100E48A1D /* Utilitys */ = {
			isa = PBXGroup;
			children = (
				4AED59262ABEAFC000E48A1D /* ChangeType.swift */,
			);
			path = Utilitys;
			sourceTree = "<group>";
		};
		4AED59322ABED34F00E48A1D /* Models */ = {
			isa = PBXGroup;
			children = (
				4AED59222ABEADD200E48A1D /* TimerModel.swift */,
				4A4EC2992ABFD9E500C8757E /* AppBlockModel.swift */,
			);
			path = Models;
			sourceTree = "<group>";
		};
		4AED59332ABED35600E48A1D /* ViewModels */ = {
			isa = PBXGroup;
			children = (
				4AED59242ABEAE3100E48A1D /* TimerViewModel.swift */,
				4A4EC2972ABFD7D500C8757E /* AppBlockViewModel.swift */,
			);
			path = ViewModels;
			sourceTree = "<group>";
		};
/* End PBXGroup section */

/* Begin PBXNativeTarget section */
		4AD6B80C2ABE5AB200E34AD9 /* AppBlockTimer */ = {
			isa = PBXNativeTarget;
			buildConfigurationList = 4AD6B81C2ABE5AB300E34AD9 /* Build configuration list for PBXNativeTarget "AppBlockTimer" */;
			buildPhases = (
				4AD6B8092ABE5AB200E34AD9 /* Sources */,
				4AD6B80A2ABE5AB200E34AD9 /* Frameworks */,
				4AD6B80B2ABE5AB200E34AD9 /* Resources */,
			);
			buildRules = (
			);
			dependencies = (
			);
			name = AppBlockTimer;
			productName = AppBlockTimer;
			productReference = 4AD6B80D2ABE5AB200E34AD9 /* AppBlockTimer.app */;
			productType = "com.apple.product-type.application";
		};
/* End PBXNativeTarget section */

/* Begin PBXProject section */
		4AD6B8052ABE5AB200E34AD9 /* Project object */ = {
			isa = PBXProject;
			attributes = {
				BuildIndependentTargetsInParallel = 1;
				LastSwiftUpdateCheck = 1500;
				LastUpgradeCheck = 1500;
				TargetAttributes = {
					4AD6B80C2ABE5AB200E34AD9 = {
						CreatedOnToolsVersion = 15.0;
					};
				};
			};
			buildConfigurationList = 4AD6B8082ABE5AB200E34AD9 /* Build configuration list for PBXProject "AppBlockTimer" */;
			compatibilityVersion = "Xcode 14.0";
			developmentRegion = en;
			hasScannedForEncodings = 0;
			knownRegions = (
				en,
				Base,
			);
			mainGroup = 4AD6B8042ABE5AB200E34AD9;
			productRefGroup = 4AD6B80E2ABE5AB200E34AD9 /* Products */;
			projectDirPath = "";
			projectRoot = "";
			targets = (
				4AD6B80C2ABE5AB200E34AD9 /* AppBlockTimer */,
			);
		};
/* End PBXProject section */

/* Begin PBXResourcesBuildPhase section */
		4AD6B80B2ABE5AB200E34AD9 /* Resources */ = {
			isa = PBXResourcesBuildPhase;
			buildActionMask = 2147483647;
			files = (
				4AD6B8192ABE5AB300E34AD9 /* Preview Assets.xcassets in Resources */,
				4AD6B8152ABE5AB300E34AD9 /* Assets.xcassets in Resources */,
			);
			runOnlyForDeploymentPostprocessing = 0;
		};
/* End PBXResourcesBuildPhase section */

/* Begin PBXSourcesBuildPhase section */
		4AD6B8092ABE5AB200E34AD9 /* Sources */ = {
			isa = PBXSourcesBuildPhase;
			buildActionMask = 2147483647;
			files = (
				4AED59272ABEAFC000E48A1D /* ChangeType.swift in Sources */,
				4AED59292ABEBD0700E48A1D /* CustomSlider.swift in Sources */,
				4AED59252ABEAE3100E48A1D /* TimerViewModel.swift in Sources */,
				4A4EC29E2AC0037600C8757E /* SelectLevelRow.swift in Sources */,
				4A4EC2932ABFC0B400C8757E /* TimeCircleView.swift in Sources */,
				4A4EC29A2ABFD9E500C8757E /* AppBlockModel.swift in Sources */,
				4AED592F2ABECB5F00E48A1D /* BottomButtonView.swift in Sources */,
				4AED592D2ABEC8DC00E48A1D /* TimerLabelView.swift in Sources */,
				4AED59232ABEADD200E48A1D /* TimerModel.swift in Sources */,
				4A4EC2952ABFD42600C8757E /* FamilyActivitySelectionExtension.swift in Sources */,
				4AD6B8132ABE5AB200E34AD9 /* TimerView.swift in Sources */,
				4AD6B8112ABE5AB200E34AD9 /* AppBlockTimerApp.swift in Sources */,
				4A4EC2982ABFD7D500C8757E /* AppBlockViewModel.swift in Sources */,
				4AED592B2ABEBD3000E48A1D /* TimeSliderView.swift in Sources */,
				4A4EC29C2ABFDF7500C8757E /* SelectLevelView.swift in Sources */,
			);
			runOnlyForDeploymentPostprocessing = 0;
		};
/* End PBXSourcesBuildPhase section */

/* Begin XCBuildConfiguration section */
		4AD6B81A2ABE5AB300E34AD9 /* Debug */ = {
			isa = XCBuildConfiguration;
			buildSettings = {
				ALWAYS_SEARCH_USER_PATHS = NO;
				ASSETCATALOG_COMPILER_GENERATE_SWIFT_ASSET_SYMBOL_EXTENSIONS = YES;
				CLANG_ANALYZER_NONNULL = YES;
				CLANG_ANALYZER_NUMBER_OBJECT_CONVERSION = YES_AGGRESSIVE;
				CLANG_CXX_LANGUAGE_STANDARD = "gnu++20";
				CLANG_ENABLE_MODULES = YES;
				CLANG_ENABLE_OBJC_ARC = YES;
				CLANG_ENABLE_OBJC_WEAK = YES;
				CLANG_WARN_BLOCK_CAPTURE_AUTORELEASING = YES;
				CLANG_WARN_BOOL_CONVERSION = YES;
				CLANG_WARN_COMMA = YES;
				CLANG_WARN_CONSTANT_CONVERSION = YES;
				CLANG_WARN_DEPRECATED_OBJC_IMPLEMENTATIONS = YES;
				CLANG_WARN_DIRECT_OBJC_ISA_USAGE = YES_ERROR;
				CLANG_WARN_DOCUMENTATION_COMMENTS = YES;
				CLANG_WARN_EMPTY_BODY = YES;
				CLANG_WARN_ENUM_CONVERSION = YES;
				CLANG_WARN_INFINITE_RECURSION = YES;
				CLANG_WARN_INT_CONVERSION = YES;
				CLANG_WARN_NON_LITERAL_NULL_CONVERSION = YES;
				CLANG_WARN_OBJC_IMPLICIT_RETAIN_SELF = YES;
				CLANG_WARN_OBJC_LITERAL_CONVERSION = YES;
				CLANG_WARN_OBJC_ROOT_CLASS = YES_ERROR;
				CLANG_WARN_QUOTED_INCLUDE_IN_FRAMEWORK_HEADER = YES;
				CLANG_WARN_RANGE_LOOP_ANALYSIS = YES;
				CLANG_WARN_STRICT_PROTOTYPES = YES;
				CLANG_WARN_SUSPICIOUS_MOVE = YES;
				CLANG_WARN_UNGUARDED_AVAILABILITY = YES_AGGRESSIVE;
				CLANG_WARN_UNREACHABLE_CODE = YES;
				CLANG_WARN__DUPLICATE_METHOD_MATCH = YES;
				COPY_PHASE_STRIP = NO;
				DEBUG_INFORMATION_FORMAT = dwarf;
				ENABLE_STRICT_OBJC_MSGSEND = YES;
				ENABLE_TESTABILITY = YES;
				ENABLE_USER_SCRIPT_SANDBOXING = YES;
				GCC_C_LANGUAGE_STANDARD = gnu17;
				GCC_DYNAMIC_NO_PIC = NO;
				GCC_NO_COMMON_BLOCKS = YES;
				GCC_OPTIMIZATION_LEVEL = 0;
				GCC_PREPROCESSOR_DEFINITIONS = (
					"DEBUG=1",
					"$(inherited)",
				);
				GCC_WARN_64_TO_32_BIT_CONVERSION = YES;
				GCC_WARN_ABOUT_RETURN_TYPE = YES_ERROR;
				GCC_WARN_UNDECLARED_SELECTOR = YES;
				GCC_WARN_UNINITIALIZED_AUTOS = YES_AGGRESSIVE;
				GCC_WARN_UNUSED_FUNCTION = YES;
				GCC_WARN_UNUSED_VARIABLE = YES;
				LOCALIZATION_PREFERS_STRING_CATALOGS = YES;
				MTL_ENABLE_DEBUG_INFO = INCLUDE_SOURCE;
				MTL_FAST_MATH = YES;
				ONLY_ACTIVE_ARCH = YES;
				SWIFT_ACTIVE_COMPILATION_CONDITIONS = "DEBUG $(inherited)";
				SWIFT_OPTIMIZATION_LEVEL = "-Onone";
			};
			name = Debug;
		};
		4AD6B81B2ABE5AB300E34AD9 /* Release */ = {
			isa = XCBuildConfiguration;
			buildSettings = {
				ALWAYS_SEARCH_USER_PATHS = NO;
				ASSETCATALOG_COMPILER_GENERATE_SWIFT_ASSET_SYMBOL_EXTENSIONS = YES;
				CLANG_ANALYZER_NONNULL = YES;
				CLANG_ANALYZER_NUMBER_OBJECT_CONVERSION = YES_AGGRESSIVE;
				CLANG_CXX_LANGUAGE_STANDARD = "gnu++20";
				CLANG_ENABLE_MODULES = YES;
				CLANG_ENABLE_OBJC_ARC = YES;
				CLANG_ENABLE_OBJC_WEAK = YES;
				CLANG_WARN_BLOCK_CAPTURE_AUTORELEASING = YES;
				CLANG_WARN_BOOL_CONVERSION = YES;
				CLANG_WARN_COMMA = YES;
				CLANG_WARN_CONSTANT_CONVERSION = YES;
				CLANG_WARN_DEPRECATED_OBJC_IMPLEMENTATIONS = YES;
				CLANG_WARN_DIRECT_OBJC_ISA_USAGE = YES_ERROR;
				CLANG_WARN_DOCUMENTATION_COMMENTS = YES;
				CLANG_WARN_EMPTY_BODY = YES;
				CLANG_WARN_ENUM_CONVERSION = YES;
				CLANG_WARN_INFINITE_RECURSION = YES;
				CLANG_WARN_INT_CONVERSION = YES;
				CLANG_WARN_NON_LITERAL_NULL_CONVERSION = YES;
				CLANG_WARN_OBJC_IMPLICIT_RETAIN_SELF = YES;
				CLANG_WARN_OBJC_LITERAL_CONVERSION = YES;
				CLANG_WARN_OBJC_ROOT_CLASS = YES_ERROR;
				CLANG_WARN_QUOTED_INCLUDE_IN_FRAMEWORK_HEADER = YES;
				CLANG_WARN_RANGE_LOOP_ANALYSIS = YES;
				CLANG_WARN_STRICT_PROTOTYPES = YES;
				CLANG_WARN_SUSPICIOUS_MOVE = YES;
				CLANG_WARN_UNGUARDED_AVAILABILITY = YES_AGGRESSIVE;
				CLANG_WARN_UNREACHABLE_CODE = YES;
				CLANG_WARN__DUPLICATE_METHOD_MATCH = YES;
				COPY_PHASE_STRIP = NO;
				DEBUG_INFORMATION_FORMAT = "dwarf-with-dsym";
				ENABLE_NS_ASSERTIONS = NO;
				ENABLE_STRICT_OBJC_MSGSEND = YES;
				ENABLE_USER_SCRIPT_SANDBOXING = YES;
				GCC_C_LANGUAGE_STANDARD = gnu17;
				GCC_NO_COMMON_BLOCKS = YES;
				GCC_WARN_64_TO_32_BIT_CONVERSION = YES;
				GCC_WARN_ABOUT_RETURN_TYPE = YES_ERROR;
				GCC_WARN_UNDECLARED_SELECTOR = YES;
				GCC_WARN_UNINITIALIZED_AUTOS = YES_AGGRESSIVE;
				GCC_WARN_UNUSED_FUNCTION = YES;
				GCC_WARN_UNUSED_VARIABLE = YES;
				LOCALIZATION_PREFERS_STRING_CATALOGS = YES;
				MTL_ENABLE_DEBUG_INFO = NO;
				MTL_FAST_MATH = YES;
				SWIFT_COMPILATION_MODE = wholemodule;
			};
			name = Release;
		};
		4AD6B81D2ABE5AB300E34AD9 /* Debug */ = {
			isa = XCBuildConfiguration;
			buildSettings = {
				ASSETCATALOG_COMPILER_APPICON_NAME = AppIcon;
				ASSETCATALOG_COMPILER_GLOBAL_ACCENT_COLOR_NAME = AccentColor;
				CODE_SIGN_ENTITLEMENTS = AppBlockTimer/AppBlockTimer.entitlements;
				CODE_SIGN_STYLE = Automatic;
				CURRENT_PROJECT_VERSION = 1;
				DEVELOPMENT_ASSET_PATHS = "\"AppBlockTimer/Preview Content\"";
				DEVELOPMENT_TEAM = 4J8L2WD7VW;
				ENABLE_HARDENED_RUNTIME = YES;
				ENABLE_PREVIEWS = YES;
				GENERATE_INFOPLIST_FILE = YES;
				"INFOPLIST_KEY_UIApplicationSceneManifest_Generation[sdk=iphoneos*]" = YES;
				"INFOPLIST_KEY_UIApplicationSceneManifest_Generation[sdk=iphonesimulator*]" = YES;
				"INFOPLIST_KEY_UIApplicationSupportsIndirectInputEvents[sdk=iphoneos*]" = YES;
				"INFOPLIST_KEY_UIApplicationSupportsIndirectInputEvents[sdk=iphonesimulator*]" = YES;
				"INFOPLIST_KEY_UILaunchScreen_Generation[sdk=iphoneos*]" = YES;
				"INFOPLIST_KEY_UILaunchScreen_Generation[sdk=iphonesimulator*]" = YES;
				"INFOPLIST_KEY_UIStatusBarStyle[sdk=iphoneos*]" = UIStatusBarStyleDefault;
				"INFOPLIST_KEY_UIStatusBarStyle[sdk=iphonesimulator*]" = UIStatusBarStyleDefault;
				INFOPLIST_KEY_UISupportedInterfaceOrientations_iPad = "UIInterfaceOrientationPortrait UIInterfaceOrientationPortraitUpsideDown UIInterfaceOrientationLandscapeLeft UIInterfaceOrientationLandscapeRight";
				INFOPLIST_KEY_UISupportedInterfaceOrientations_iPhone = UIInterfaceOrientationPortrait;
				INFOPLIST_KEY_UIUserInterfaceStyle = Light;
				IPHONEOS_DEPLOYMENT_TARGET = 16.0;
				LD_RUNPATH_SEARCH_PATHS = "@executable_path/Frameworks";
				"LD_RUNPATH_SEARCH_PATHS[sdk=macosx*]" = "@executable_path/../Frameworks";
				MACOSX_DEPLOYMENT_TARGET = 13.5;
				MARKETING_VERSION = 1.0;
				PRODUCT_BUNDLE_IDENTIFIER = com.asanogenki.AppBlockTimer;
				PRODUCT_NAME = "$(TARGET_NAME)";
				SDKROOT = auto;
				SUPPORTED_PLATFORMS = "iphoneos iphonesimulator";
				SUPPORTS_MACCATALYST = NO;
				SWIFT_EMIT_LOC_STRINGS = YES;
				SWIFT_VERSION = 5.0;
				TARGETED_DEVICE_FAMILY = 1;
			};
			name = Debug;
		};
		4AD6B81E2ABE5AB300E34AD9 /* Release */ = {
			isa = XCBuildConfiguration;
			buildSettings = {
				ASSETCATALOG_COMPILER_APPICON_NAME = AppIcon;
				ASSETCATALOG_COMPILER_GLOBAL_ACCENT_COLOR_NAME = AccentColor;
				CODE_SIGN_ENTITLEMENTS = AppBlockTimer/AppBlockTimer.entitlements;
				CODE_SIGN_STYLE = Automatic;
				CURRENT_PROJECT_VERSION = 1;
				DEVELOPMENT_ASSET_PATHS = "\"AppBlockTimer/Preview Content\"";
				DEVELOPMENT_TEAM = 4J8L2WD7VW;
				ENABLE_HARDENED_RUNTIME = YES;
				ENABLE_PREVIEWS = YES;
				GENERATE_INFOPLIST_FILE = YES;
				"INFOPLIST_KEY_UIApplicationSceneManifest_Generation[sdk=iphoneos*]" = YES;
				"INFOPLIST_KEY_UIApplicationSceneManifest_Generation[sdk=iphonesimulator*]" = YES;
				"INFOPLIST_KEY_UIApplicationSupportsIndirectInputEvents[sdk=iphoneos*]" = YES;
				"INFOPLIST_KEY_UIApplicationSupportsIndirectInputEvents[sdk=iphonesimulator*]" = YES;
				"INFOPLIST_KEY_UILaunchScreen_Generation[sdk=iphoneos*]" = YES;
				"INFOPLIST_KEY_UILaunchScreen_Generation[sdk=iphonesimulator*]" = YES;
				"INFOPLIST_KEY_UIStatusBarStyle[sdk=iphoneos*]" = UIStatusBarStyleDefault;
				"INFOPLIST_KEY_UIStatusBarStyle[sdk=iphonesimulator*]" = UIStatusBarStyleDefault;
				INFOPLIST_KEY_UISupportedInterfaceOrientations_iPad = "UIInterfaceOrientationPortrait UIInterfaceOrientationPortraitUpsideDown UIInterfaceOrientationLandscapeLeft UIInterfaceOrientationLandscapeRight";
				INFOPLIST_KEY_UISupportedInterfaceOrientations_iPhone = UIInterfaceOrientationPortrait;
				INFOPLIST_KEY_UIUserInterfaceStyle = Light;
				IPHONEOS_DEPLOYMENT_TARGET = 16.0;
				LD_RUNPATH_SEARCH_PATHS = "@executable_path/Frameworks";
				"LD_RUNPATH_SEARCH_PATHS[sdk=macosx*]" = "@executable_path/../Frameworks";
				MACOSX_DEPLOYMENT_TARGET = 13.5;
				MARKETING_VERSION = 1.0;
				PRODUCT_BUNDLE_IDENTIFIER = com.asanogenki.AppBlockTimer;
				PRODUCT_NAME = "$(TARGET_NAME)";
				SDKROOT = auto;
				SUPPORTED_PLATFORMS = "iphoneos iphonesimulator";
				SUPPORTS_MACCATALYST = NO;
				SWIFT_EMIT_LOC_STRINGS = YES;
				SWIFT_VERSION = 5.0;
				TARGETED_DEVICE_FAMILY = 1;
			};
			name = Release;
		};
/* End XCBuildConfiguration section */

/* Begin XCConfigurationList section */
		4AD6B8082ABE5AB200E34AD9 /* Build configuration list for PBXProject "AppBlockTimer" */ = {
			isa = XCConfigurationList;
			buildConfigurations = (
				4AD6B81A2ABE5AB300E34AD9 /* Debug */,
				4AD6B81B2ABE5AB300E34AD9 /* Release */,
			);
			defaultConfigurationIsVisible = 0;
			defaultConfigurationName = Release;
		};
		4AD6B81C2ABE5AB300E34AD9 /* Build configuration list for PBXNativeTarget "AppBlockTimer" */ = {
			isa = XCConfigurationList;
			buildConfigurations = (
				4AD6B81D2ABE5AB300E34AD9 /* Debug */,
				4AD6B81E2ABE5AB300E34AD9 /* Release */,
			);
			defaultConfigurationIsVisible = 0;
			defaultConfigurationName = Release;
		};
/* End XCConfigurationList section */
	};
	rootObject = 4AD6B8052ABE5AB200E34AD9 /* Project object */;
}
